// !$*UTF8*$!
{
	archiveVersion = 1;
	classes = {
	};
	objectVersion = 46;
	objects = {

/* Begin PBXBuildFile section */
		5905F64E1BF6926A00193820 /* geojson_hour.json in Resources */ = {isa = PBXBuildFile; fileRef = 5905F64D1BF6926A00193820 /* geojson_hour.json */; };
		5905F6501BF6969D00193820 /* geojson_year.json in Resources */ = {isa = PBXBuildFile; fileRef = 5905F64F1BF6969D00193820 /* geojson_year.json */; };
		596963561BF2B612006B85DA /* USGSDataFeeder.m in Sources */ = {isa = PBXBuildFile; fileRef = 596963551BF2B612006B85DA /* USGSDataFeeder.m */; };
		596963591BF30E4A006B85DA /* ARCGISHelper.m in Sources */ = {isa = PBXBuildFile; fileRef = 596963581BF30E4A006B85DA /* ARCGISHelper.m */; };
		5969635E1BF38CB6006B85DA /* SummaryMapViewController.m in Sources */ = {isa = PBXBuildFile; fileRef = 5969635D1BF38CB6006B85DA /* SummaryMapViewController.m */; };
		596963611BF38E5C006B85DA /* EarthquakeMapView.m in Sources */ = {isa = PBXBuildFile; fileRef = 596963601BF38E5C006B85DA /* EarthquakeMapView.m */; };
		596963641BF3C578006B85DA /* MaptypeViewController.m in Sources */ = {isa = PBXBuildFile; fileRef = 596963631BF3C578006B85DA /* MaptypeViewController.m */; };
		59E503DE1BF2AFF300F63914 /* main.m in Sources */ = {isa = PBXBuildFile; fileRef = 59E503DD1BF2AFF300F63914 /* main.m */; };
		59E503E11BF2AFF300F63914 /* AppDelegate.m in Sources */ = {isa = PBXBuildFile; fileRef = 59E503E01BF2AFF300F63914 /* AppDelegate.m */; };
		59E503E41BF2AFF300F63914 /* MasterViewController.m in Sources */ = {isa = PBXBuildFile; fileRef = 59E503E31BF2AFF300F63914 /* MasterViewController.m */; };
		59E503E71BF2AFF300F63914 /* DetailViewController.m in Sources */ = {isa = PBXBuildFile; fileRef = 59E503E61BF2AFF300F63914 /* DetailViewController.m */; };
		59E503EA1BF2AFF300F63914 /* Main.storyboard in Resources */ = {isa = PBXBuildFile; fileRef = 59E503E81BF2AFF300F63914 /* Main.storyboard */; };
		59E503EC1BF2AFF300F63914 /* Images.xcassets in Resources */ = {isa = PBXBuildFile; fileRef = 59E503EB1BF2AFF300F63914 /* Images.xcassets */; };
		59E503EF1BF2AFF300F63914 /* LaunchScreen.xib in Resources */ = {isa = PBXBuildFile; fileRef = 59E503ED1BF2AFF300F63914 /* LaunchScreen.xib */; };
		59E503FB1BF2AFF300F63914 /* EarthquakeMonitorTests.m in Sources */ = {isa = PBXBuildFile; fileRef = 59E503FA1BF2AFF300F63914 /* EarthquakeMonitorTests.m */; };
/* End PBXBuildFile section */

/* Begin PBXContainerItemProxy section */
		59E503F51BF2AFF300F63914 /* PBXContainerItemProxy */ = {
			isa = PBXContainerItemProxy;
			containerPortal = 59E503D01BF2AFF300F63914 /* Project object */;
			proxyType = 1;
			remoteGlobalIDString = 59E503D71BF2AFF300F63914;
			remoteInfo = EarthquakeMonitor;
		};
/* End PBXContainerItemProxy section */

/* Begin PBXFileReference section */
		5905F64D1BF6926A00193820 /* geojson_hour.json */ = {isa = PBXFileReference; fileEncoding = 4; lastKnownFileType = text.json; path = geojson_hour.json; sourceTree = "<group>"; };
		5905F64F1BF6969D00193820 /* geojson_year.json */ = {isa = PBXFileReference; fileEncoding = 4; lastKnownFileType = text.json; path = geojson_year.json; sourceTree = "<group>"; };
		596963541BF2B612006B85DA /* USGSDataFeeder.h */ = {isa = PBXFileReference; fileEncoding = 4; lastKnownFileType = sourcecode.c.h; path = USGSDataFeeder.h; sourceTree = "<group>"; };
		596963551BF2B612006B85DA /* USGSDataFeeder.m */ = {isa = PBXFileReference; fileEncoding = 4; lastKnownFileType = sourcecode.c.objc; path = USGSDataFeeder.m; sourceTree = "<group>"; };
		596963571BF30E4A006B85DA /* ARCGISHelper.h */ = {isa = PBXFileReference; fileEncoding = 4; lastKnownFileType = sourcecode.c.h; path = ARCGISHelper.h; sourceTree = "<group>"; };
		596963581BF30E4A006B85DA /* ARCGISHelper.m */ = {isa = PBXFileReference; fileEncoding = 4; lastKnownFileType = sourcecode.c.objc; path = ARCGISHelper.m; sourceTree = "<group>"; };
		5969635C1BF38CB6006B85DA /* SummaryMapViewController.h */ = {isa = PBXFileReference; fileEncoding = 4; lastKnownFileType = sourcecode.c.h; path = SummaryMapViewController.h; sourceTree = "<group>"; };
		5969635D1BF38CB6006B85DA /* SummaryMapViewController.m */ = {isa = PBXFileReference; fileEncoding = 4; lastKnownFileType = sourcecode.c.objc; path = SummaryMapViewController.m; sourceTree = "<group>"; };
		5969635F1BF38E5C006B85DA /* EarthquakeMapView.h */ = {isa = PBXFileReference; fileEncoding = 4; lastKnownFileType = sourcecode.c.h; path = EarthquakeMapView.h; sourceTree = "<group>"; };
		596963601BF38E5C006B85DA /* EarthquakeMapView.m */ = {isa = PBXFileReference; fileEncoding = 4; lastKnownFileType = sourcecode.c.objc; path = EarthquakeMapView.m; sourceTree = "<group>"; };
		596963621BF3C578006B85DA /* MaptypeViewController.h */ = {isa = PBXFileReference; fileEncoding = 4; lastKnownFileType = sourcecode.c.h; path = MaptypeViewController.h; sourceTree = "<group>"; };
		596963631BF3C578006B85DA /* MaptypeViewController.m */ = {isa = PBXFileReference; fileEncoding = 4; lastKnownFileType = sourcecode.c.objc; path = MaptypeViewController.m; sourceTree = "<group>"; };
		59E503D81BF2AFF300F63914 /* EarthquakeMonitor.app */ = {isa = PBXFileReference; explicitFileType = wrapper.application; includeInIndex = 0; path = EarthquakeMonitor.app; sourceTree = BUILT_PRODUCTS_DIR; };
		59E503DC1BF2AFF300F63914 /* Info.plist */ = {isa = PBXFileReference; lastKnownFileType = text.plist.xml; path = Info.plist; sourceTree = "<group>"; };
		59E503DD1BF2AFF300F63914 /* main.m */ = {isa = PBXFileReference; lastKnownFileType = sourcecode.c.objc; path = main.m; sourceTree = "<group>"; };
		59E503DF1BF2AFF300F63914 /* AppDelegate.h */ = {isa = PBXFileReference; lastKnownFileType = sourcecode.c.h; path = AppDelegate.h; sourceTree = "<group>"; };
		59E503E01BF2AFF300F63914 /* AppDelegate.m */ = {isa = PBXFileReference; lastKnownFileType = sourcecode.c.objc; path = AppDelegate.m; sourceTree = "<group>"; };
		59E503E21BF2AFF300F63914 /* MasterViewController.h */ = {isa = PBXFileReference; lastKnownFileType = sourcecode.c.h; path = MasterViewController.h; sourceTree = "<group>"; };
		59E503E31BF2AFF300F63914 /* MasterViewController.m */ = {isa = PBXFileReference; lastKnownFileType = sourcecode.c.objc; path = MasterViewController.m; sourceTree = "<group>"; };
		59E503E51BF2AFF300F63914 /* DetailViewController.h */ = {isa = PBXFileReference; lastKnownFileType = sourcecode.c.h; path = DetailViewController.h; sourceTree = "<group>"; };
		59E503E61BF2AFF300F63914 /* DetailViewController.m */ = {isa = PBXFileReference; lastKnownFileType = sourcecode.c.objc; path = DetailViewController.m; sourceTree = "<group>"; };
		59E503E91BF2AFF300F63914 /* Base */ = {isa = PBXFileReference; lastKnownFileType = file.storyboard; name = Base; path = Base.lproj/Main.storyboard; sourceTree = "<group>"; };
		59E503EB1BF2AFF300F63914 /* Images.xcassets */ = {isa = PBXFileReference; lastKnownFileType = folder.assetcatalog; path = Images.xcassets; sourceTree = "<group>"; };
		59E503EE1BF2AFF300F63914 /* Base */ = {isa = PBXFileReference; lastKnownFileType = file.xib; name = Base; path = Base.lproj/LaunchScreen.xib; sourceTree = "<group>"; };
		59E503F41BF2AFF300F63914 /* EarthquakeMonitorTests.xctest */ = {isa = PBXFileReference; explicitFileType = wrapper.cfbundle; includeInIndex = 0; path = EarthquakeMonitorTests.xctest; sourceTree = BUILT_PRODUCTS_DIR; };
		59E503F91BF2AFF300F63914 /* Info.plist */ = {isa = PBXFileReference; lastKnownFileType = text.plist.xml; path = Info.plist; sourceTree = "<group>"; };
		59E503FA1BF2AFF300F63914 /* EarthquakeMonitorTests.m */ = {isa = PBXFileReference; lastKnownFileType = sourcecode.c.objc; path = EarthquakeMonitorTests.m; sourceTree = "<group>"; };
/* End PBXFileReference section */

/* Begin PBXFrameworksBuildPhase section */
		59E503D51BF2AFF300F63914 /* Frameworks */ = {
			isa = PBXFrameworksBuildPhase;
			buildActionMask = 2147483647;
			files = (
			);
			runOnlyForDeploymentPostprocessing = 0;
		};
		59E503F11BF2AFF300F63914 /* Frameworks */ = {
			isa = PBXFrameworksBuildPhase;
			buildActionMask = 2147483647;
			files = (
			);
			runOnlyForDeploymentPostprocessing = 0;
		};
/* End PBXFrameworksBuildPhase section */

/* Begin PBXGroup section */
		59E503CF1BF2AFF300F63914 = {
			isa = PBXGroup;
			children = (
				59E503DA1BF2AFF300F63914 /* EarthquakeMonitor */,
				59E503F71BF2AFF300F63914 /* EarthquakeMonitorTests */,
				59E503D91BF2AFF300F63914 /* Products */,
			);
			sourceTree = "<group>";
		};
		59E503D91BF2AFF300F63914 /* Products */ = {
			isa = PBXGroup;
			children = (
				59E503D81BF2AFF300F63914 /* EarthquakeMonitor.app */,
				59E503F41BF2AFF300F63914 /* EarthquakeMonitorTests.xctest */,
			);
			name = Products;
			sourceTree = "<group>";
		};
		59E503DA1BF2AFF300F63914 /* EarthquakeMonitor */ = {
			isa = PBXGroup;
			children = (
				59E503DF1BF2AFF300F63914 /* AppDelegate.h */,
				596963541BF2B612006B85DA /* USGSDataFeeder.h */,
				596963551BF2B612006B85DA /* USGSDataFeeder.m */,
				59E503E01BF2AFF300F63914 /* AppDelegate.m */,
				59E503E21BF2AFF300F63914 /* MasterViewController.h */,
				59E503E31BF2AFF300F63914 /* MasterViewController.m */,
				59E503E51BF2AFF300F63914 /* DetailViewController.h */,
				59E503E61BF2AFF300F63914 /* DetailViewController.m */,
				59E503E81BF2AFF300F63914 /* Main.storyboard */,
				59E503EB1BF2AFF300F63914 /* Images.xcassets */,
				59E503ED1BF2AFF300F63914 /* LaunchScreen.xib */,
				59E503DB1BF2AFF300F63914 /* Supporting Files */,
				596963571BF30E4A006B85DA /* ARCGISHelper.h */,
				596963581BF30E4A006B85DA /* ARCGISHelper.m */,
				5969635C1BF38CB6006B85DA /* SummaryMapViewController.h */,
				5969635D1BF38CB6006B85DA /* SummaryMapViewController.m */,
				5969635F1BF38E5C006B85DA /* EarthquakeMapView.h */,
				596963601BF38E5C006B85DA /* EarthquakeMapView.m */,
				596963621BF3C578006B85DA /* MaptypeViewController.h */,
				596963631BF3C578006B85DA /* MaptypeViewController.m */,
			);
			path = EarthquakeMonitor;
			sourceTree = "<group>";
		};
		59E503DB1BF2AFF300F63914 /* Supporting Files */ = {
			isa = PBXGroup;
			children = (
				59E503DC1BF2AFF300F63914 /* Info.plist */,
				59E503DD1BF2AFF300F63914 /* main.m */,
			);
			name = "Supporting Files";
			sourceTree = "<group>";
		};
		59E503F71BF2AFF300F63914 /* EarthquakeMonitorTests */ = {
			isa = PBXGroup;
			children = (
				59E503FA1BF2AFF300F63914 /* EarthquakeMonitorTests.m */,
				59E503F81BF2AFF300F63914 /* Supporting Files */,
			);
			path = EarthquakeMonitorTests;
			sourceTree = "<group>";
		};
		59E503F81BF2AFF300F63914 /* Supporting Files */ = {
			isa = PBXGroup;
			children = (
				59E503F91BF2AFF300F63914 /* Info.plist */,
				5905F64D1BF6926A00193820 /* geojson_hour.json */,
				5905F64F1BF6969D00193820 /* geojson_year.json */,
			);
			name = "Supporting Files";
			sourceTree = "<group>";
		};
/* End PBXGroup section */

/* Begin PBXNativeTarget section */
		59E503D71BF2AFF300F63914 /* EarthquakeMonitor */ = {
			isa = PBXNativeTarget;
			buildConfigurationList = 59E503FE1BF2AFF300F63914 /* Build configuration list for PBXNativeTarget "EarthquakeMonitor" */;
			buildPhases = (
				59E503D41BF2AFF300F63914 /* Sources */,
				59E503D51BF2AFF300F63914 /* Frameworks */,
				59E503D61BF2AFF300F63914 /* Resources */,
			);
			buildRules = (
			);
			dependencies = (
			);
			name = EarthquakeMonitor;
			productName = EarthquakeMonitor;
			productReference = 59E503D81BF2AFF300F63914 /* EarthquakeMonitor.app */;
			productType = "com.apple.product-type.application";
		};
		59E503F31BF2AFF300F63914 /* EarthquakeMonitorTests */ = {
			isa = PBXNativeTarget;
			buildConfigurationList = 59E504011BF2AFF300F63914 /* Build configuration list for PBXNativeTarget "EarthquakeMonitorTests" */;
			buildPhases = (
				59E503F01BF2AFF300F63914 /* Sources */,
				59E503F11BF2AFF300F63914 /* Frameworks */,
				59E503F21BF2AFF300F63914 /* Resources */,
			);
			buildRules = (
			);
			dependencies = (
				59E503F61BF2AFF300F63914 /* PBXTargetDependency */,
			);
			name = EarthquakeMonitorTests;
			productName = EarthquakeMonitorTests;
			productReference = 59E503F41BF2AFF300F63914 /* EarthquakeMonitorTests.xctest */;
			productType = "com.apple.product-type.bundle.unit-test";
		};
/* End PBXNativeTarget section */

/* Begin PBXProject section */
		59E503D01BF2AFF300F63914 /* Project object */ = {
			isa = PBXProject;
			attributes = {
				LastUpgradeCheck = 0640;
				ORGANIZATIONNAME = "Guanyu Zhou";
				TargetAttributes = {
					59E503D71BF2AFF300F63914 = {
						CreatedOnToolsVersion = 6.4;
						DevelopmentTeam = 6Y3GHAT5AX;
					};
					59E503F31BF2AFF300F63914 = {
						CreatedOnToolsVersion = 6.4;
						TestTargetID = 59E503D71BF2AFF300F63914;
					};
				};
			};
			buildConfigurationList = 59E503D31BF2AFF300F63914 /* Build configuration list for PBXProject "EarthquakeMonitor" */;
			compatibilityVersion = "Xcode 3.2";
			developmentRegion = English;
			hasScannedForEncodings = 0;
			knownRegions = (
				en,
				Base,
			);
			mainGroup = 59E503CF1BF2AFF300F63914;
			productRefGroup = 59E503D91BF2AFF300F63914 /* Products */;
			projectDirPath = "";
			projectRoot = "";
			targets = (
				59E503D71BF2AFF300F63914 /* EarthquakeMonitor */,
				59E503F31BF2AFF300F63914 /* EarthquakeMonitorTests */,
			);
		};
/* End PBXProject section */

/* Begin PBXResourcesBuildPhase section */
		59E503D61BF2AFF300F63914 /* Resources */ = {
			isa = PBXResourcesBuildPhase;
			buildActionMask = 2147483647;
			files = (
				59E503EA1BF2AFF300F63914 /* Main.storyboard in Resources */,
				59E503EF1BF2AFF300F63914 /* LaunchScreen.xib in Resources */,
				59E503EC1BF2AFF300F63914 /* Images.xcassets in Resources */,
			);
			runOnlyForDeploymentPostprocessing = 0;
		};
		59E503F21BF2AFF300F63914 /* Resources */ = {
			isa = PBXResourcesBuildPhase;
			buildActionMask = 2147483647;
			files = (
				5905F64E1BF6926A00193820 /* geojson_hour.json in Resources */,
				5905F6501BF6969D00193820 /* geojson_year.json in Resources */,
			);
			runOnlyForDeploymentPostprocessing = 0;
		};
/* End PBXResourcesBuildPhase section */

/* Begin PBXSourcesBuildPhase section */
		59E503D41BF2AFF300F63914 /* Sources */ = {
			isa = PBXSourcesBuildPhase;
			buildActionMask = 2147483647;
			files = (
				596963591BF30E4A006B85DA /* ARCGISHelper.m in Sources */,
				596963561BF2B612006B85DA /* USGSDataFeeder.m in Sources */,
				596963611BF38E5C006B85DA /* EarthquakeMapView.m in Sources */,
				5969635E1BF38CB6006B85DA /* SummaryMapViewController.m in Sources */,
				59E503E11BF2AFF300F63914 /* AppDelegate.m in Sources */,
				59E503E41BF2AFF300F63914 /* MasterViewController.m in Sources */,
				596963641BF3C578006B85DA /* MaptypeViewController.m in Sources */,
				59E503DE1BF2AFF300F63914 /* main.m in Sources */,
				59E503E71BF2AFF300F63914 /* DetailViewController.m in Sources */,
			);
			runOnlyForDeploymentPostprocessing = 0;
		};
		59E503F01BF2AFF300F63914 /* Sources */ = {
			isa = PBXSourcesBuildPhase;
			buildActionMask = 2147483647;
			files = (
				59E503FB1BF2AFF300F63914 /* EarthquakeMonitorTests.m in Sources */,
			);
			runOnlyForDeploymentPostprocessing = 0;
		};
/* End PBXSourcesBuildPhase section */

/* Begin PBXTargetDependency section */
		59E503F61BF2AFF300F63914 /* PBXTargetDependency */ = {
			isa = PBXTargetDependency;
			target = 59E503D71BF2AFF300F63914 /* EarthquakeMonitor */;
			targetProxy = 59E503F51BF2AFF300F63914 /* PBXContainerItemProxy */;
		};
/* End PBXTargetDependency section */

/* Begin PBXVariantGroup section */
		59E503E81BF2AFF300F63914 /* Main.storyboard */ = {
			isa = PBXVariantGroup;
			children = (
				59E503E91BF2AFF300F63914 /* Base */,
			);
			name = Main.storyboard;
			sourceTree = "<group>";
		};
		59E503ED1BF2AFF300F63914 /* LaunchScreen.xib */ = {
			isa = PBXVariantGroup;
			children = (
				59E503EE1BF2AFF300F63914 /* Base */,
			);
			name = LaunchScreen.xib;
			sourceTree = "<group>";
		};
/* End PBXVariantGroup section */

/* Begin XCBuildConfiguration section */
		59E503FC1BF2AFF300F63914 /* Debug */ = {
			isa = XCBuildConfiguration;
			buildSettings = {
				ALWAYS_SEARCH_USER_PATHS = NO;
				CLANG_CXX_LANGUAGE_STANDARD = "gnu++0x";
				CLANG_CXX_LIBRARY = "libc++";
				CLANG_ENABLE_MODULES = YES;
				CLANG_ENABLE_OBJC_ARC = YES;
				CLANG_WARN_BOOL_CONVERSION = YES;
				CLANG_WARN_CONSTANT_CONVERSION = YES;
				CLANG_WARN_DIRECT_OBJC_ISA_USAGE = YES_ERROR;
				CLANG_WARN_EMPTY_BODY = YES;
				CLANG_WARN_ENUM_CONVERSION = YES;
				CLANG_WARN_INT_CONVERSION = YES;
				CLANG_WARN_OBJC_ROOT_CLASS = YES_ERROR;
				CLANG_WARN_UNREACHABLE_CODE = YES;
				CLANG_WARN__DUPLICATE_METHOD_MATCH = YES;
				"CODE_SIGN_IDENTITY[sdk=iphoneos*]" = "iPhone Developer";
				COPY_PHASE_STRIP = NO;
				DEBUG_INFORMATION_FORMAT = "dwarf-with-dsym";
				ENABLE_STRICT_OBJC_MSGSEND = YES;
				GCC_C_LANGUAGE_STANDARD = gnu99;
				GCC_DYNAMIC_NO_PIC = NO;
				GCC_NO_COMMON_BLOCKS = YES;
				GCC_OPTIMIZATION_LEVEL = 0;
				GCC_PREPROCESSOR_DEFINITIONS = (
					"DEBUG=1",
					"$(inherited)",
				);
				GCC_SYMBOLS_PRIVATE_EXTERN = NO;
				GCC_WARN_64_TO_32_BIT_CONVERSION = YES;
				GCC_WARN_ABOUT_RETURN_TYPE = YES_ERROR;
				GCC_WARN_UNDECLARED_SELECTOR = YES;
				GCC_WARN_UNINITIALIZED_AUTOS = YES_AGGRESSIVE;
				GCC_WARN_UNUSED_FUNCTION = YES;
				GCC_WARN_UNUSED_VARIABLE = YES;
				IPHONEOS_DEPLOYMENT_TARGET = 8.4;
				MTL_ENABLE_DEBUG_INFO = YES;
				ONLY_ACTIVE_ARCH = YES;
				SDKROOT = iphoneos;
				TARGETED_DEVICE_FAMILY = "1,2";
			};
			name = Debug;
		};
		59E503FD1BF2AFF300F63914 /* Release */ = {
			isa = XCBuildConfiguration;
			buildSettings = {
				ALWAYS_SEARCH_USER_PATHS = NO;
				CLANG_CXX_LANGUAGE_STANDARD = "gnu++0x";
				CLANG_CXX_LIBRARY = "libc++";
				CLANG_ENABLE_MODULES = YES;
				CLANG_ENABLE_OBJC_ARC = YES;
				CLANG_WARN_BOOL_CONVERSION = YES;
				CLANG_WARN_CONSTANT_CONVERSION = YES;
				CLANG_WARN_DIRECT_OBJC_ISA_USAGE = YES_ERROR;
				CLANG_WARN_EMPTY_BODY = YES;
				CLANG_WARN_ENUM_CONVERSION = YES;
				CLANG_WARN_INT_CONVERSION = YES;
				CLANG_WARN_OBJC_ROOT_CLASS = YES_ERROR;
				CLANG_WARN_UNREACHABLE_CODE = YES;
				CLANG_WARN__DUPLICATE_METHOD_MATCH = YES;
				"CODE_SIGN_IDENTITY[sdk=iphoneos*]" = "iPhone Developer";
				COPY_PHASE_STRIP = NO;
				DEBUG_INFORMATION_FORMAT = "dwarf-with-dsym";
				ENABLE_NS_ASSERTIONS = NO;
				ENABLE_STRICT_OBJC_MSGSEND = YES;
				GCC_C_LANGUAGE_STANDARD = gnu99;
				GCC_NO_COMMON_BLOCKS = YES;
				GCC_WARN_64_TO_32_BIT_CONVERSION = YES;
				GCC_WARN_ABOUT_RETURN_TYPE = YES_ERROR;
				GCC_WARN_UNDECLARED_SELECTOR = YES;
				GCC_WARN_UNINITIALIZED_AUTOS = YES_AGGRESSIVE;
				GCC_WARN_UNUSED_FUNCTION = YES;
				GCC_WARN_UNUSED_VARIABLE = YES;
				IPHONEOS_DEPLOYMENT_TARGET = 8.4;
				MTL_ENABLE_DEBUG_INFO = NO;
				SDKROOT = iphoneos;
				TARGETED_DEVICE_FAMILY = "1,2";
				VALIDATE_PRODUCT = YES;
			};
			name = Release;
		};
		59E503FF1BF2AFF300F63914 /* Debug */ = {
			isa = XCBuildConfiguration;
			buildSettings = {
				ASSETCATALOG_COMPILER_APPICON_NAME = AppIcon;
				CODE_SIGN_IDENTITY = "iPhone Developer";
				FRAMEWORK_SEARCH_PATHS = (
					SDKs/,
					"$(PROJECT_DIR)/SDKs",
				);
				INFOPLIST_FILE = EarthquakeMonitor/Info.plist;
				LD_RUNPATH_SEARCH_PATHS = "$(inherited) @executable_path/Frameworks";
				OTHER_LDFLAGS = (
					"-ObjC",
					"-framework",
					ArcGIS,
					"-l",
					"c++",
				);
				PRODUCT_NAME = "$(TARGET_NAME)";
			};
			name = Debug;
		};
		59E504001BF2AFF300F63914 /* Release */ = {
			isa = XCBuildConfiguration;
			buildSettings = {
				ASSETCATALOG_COMPILER_APPICON_NAME = AppIcon;
				CODE_SIGN_IDENTITY = "iPhone Developer";
				FRAMEWORK_SEARCH_PATHS = (
					SDKs/,
					"$(PROJECT_DIR)/SDKs",
				);
				INFOPLIST_FILE = EarthquakeMonitor/Info.plist;
				LD_RUNPATH_SEARCH_PATHS = "$(inherited) @executable_path/Frameworks";
				OTHER_LDFLAGS = (
					"-ObjC",
					"-framework",
					ArcGIS,
					"-l",
					"c++",
				);
				PRODUCT_NAME = "$(TARGET_NAME)";
			};
			name = Release;
		};
		59E504021BF2AFF300F63914 /* Debug */ = {
			isa = XCBuildConfiguration;
			buildSettings = {
				BUNDLE_LOADER = "$(TEST_HOST)";
				FRAMEWORK_SEARCH_PATHS = (
					"$(SDKROOT)/Developer/Library/Frameworks",
					"$(inherited)",
				);
				GCC_PREPROCESSOR_DEFINITIONS = (
					"DEBUG=1",
					"$(inherited)",
				);
				INFOPLIST_FILE = EarthquakeMonitorTests/Info.plist;
				LD_RUNPATH_SEARCH_PATHS = "$(inherited) @executable_path/Frameworks @loader_path/Frameworks";
				PRODUCT_NAME = "$(TARGET_NAME)";
				TEST_HOST = "$(BUILT_PRODUCTS_DIR)/EarthquakeMonitor.app/EarthquakeMonitor";
			};
			name = Debug;
		};
		59E504031BF2AFF300F63914 /* Release */ = {
			isa = XCBuildConfiguration;
			buildSettings = {
				BUNDLE_LOADER = "$(TEST_HOST)";
				FRAMEWORK_SEARCH_PATHS = (
					"$(SDKROOT)/Developer/Library/Frameworks",
					"$(inherited)",
				);
				INFOPLIST_FILE = EarthquakeMonitorTests/Info.plist;
				LD_RUNPATH_SEARCH_PATHS = "$(inherited) @executable_path/Frameworks @loader_path/Frameworks";
				PRODUCT_NAME = "$(TARGET_NAME)";
				TEST_HOST = "$(BUILT_PRODUCTS_DIR)/EarthquakeMonitor.app/EarthquakeMonitor";
			};
			name = Release;
		};
/* End XCBuildConfiguration section */

/* Begin XCConfigurationList section */
		59E503D31BF2AFF300F63914 /* Build configuration list for PBXProject "EarthquakeMonitor" */ = {
			isa = XCConfigurationList;
			buildConfigurations = (
				59E503FC1BF2AFF300F63914 /* Debug */,
				59E503FD1BF2AFF300F63914 /* Release */,
			);
			defaultConfigurationIsVisible = 0;
			defaultConfigurationName = Release;
		};
		59E503FE1BF2AFF300F63914 /* Build configuration list for PBXNativeTarget "EarthquakeMonitor" */ = {
			isa = XCConfigurationList;
			buildConfigurations = (
				59E503FF1BF2AFF300F63914 /* Debug */,
				59E504001BF2AFF300F63914 /* Release */,
			);
			defaultConfigurationIsVisible = 0;
			defaultConfigurationName = Release;
		};
		59E504011BF2AFF300F63914 /* Build configuration list for PBXNativeTarget "EarthquakeMonitorTests" */ = {
			isa = XCConfigurationList;
			buildConfigurations = (
				59E504021BF2AFF300F63914 /* Debug */,
				59E504031BF2AFF300F63914 /* Release */,
			);
			defaultConfigurationIsVisible = 0;
			defaultConfigurationName = Release;
		};
/* End XCConfigurationList section */
	};
	rootObject = 59E503D01BF2AFF300F63914 /* Project object */;
}
